
Microsoft Visual Studio Solution File, Format Version 12.00
# Visual Studio 14
VisualStudioVersion = 14.0.24720.0
MinimumVisualStudioVersion = 10.0.40219.1
Project("{2150E333-8FDC-42A3-9474-1A3956D46DE8}") = "src", "src", "{9FD47E50-2621-4B1C-BD1F-5A4E23390D77}"
EndProject
Project("{2150E333-8FDC-42A3-9474-1A3956D46DE8}") = "Solution Items", "Solution Items", "{C987A5E3-FB97-4EC3-A978-908C252F23F7}"
	ProjectSection(SolutionItems) = preProject
		global.json = global.json
	EndProjectSection
EndProject
Project("{8BB2217D-0F2D-49D1-97BC-3654ED321F3B}") = "catalogue-app", "src\catalogue-app\catalogue-app.xproj", "{D97FA1D5-F658-4F5C-8199-D7D79309B09C}"
EndProject
Global
	GlobalSection(SolutionConfigurationPlatforms) = preSolution
		Debug|Any CPU = Debug|Any CPU
		Release|Any CPU = Release|Any CPU
	EndGlobalSection
	GlobalSection(ProjectConfigurationPlatforms) = postSolution
		{D97FA1D5-F658-4F5C-8199-D7D79309B09C}.Debug|Any CPU.ActiveCfg = Debug|Any CPU
		{D97FA1D5-F658-4F5C-8199-D7D79309B09C}.Debug|Any CPU.Build.0 = Debug|Any CPU
		{D97FA1D5-F658-4F5C-8199-D7D79309B09C}.Release|Any CPU.ActiveCfg = Release|Any CPU
		{D97FA1D5-F658-4F5C-8199-D7D79309B09C}.Release|Any CPU.Build.0 = Release|Any CPU
	EndGlobalSection
	GlobalSection(SolutionProperties) = preSolution
		HideSolutionNode = FALSE
	EndGlobalSection
	GlobalSection(NestedProjects) = preSolution
		{D97FA1D5-F658-4F5C-8199-D7D79309B09C} = {9FD47E50-2621-4B1C-BD1F-5A4E23390D77}
	EndGlobalSection
EndGlobal
